// !$*UTF8*$!
{
	archiveVersion = 1;
	classes = {
	};
	objectVersion = 50;
	objects = {

/* Begin PBXBuildFile section */
		38789D1322D2EEFA003E019B /* ChannelViewController.swift in Sources */ = {isa = PBXBuildFile; fileRef = 38789D1222D2EEFA003E019B /* ChannelViewController.swift */; };
		38789D1722D2F41B003E019B /* MediaWorker.mm in Sources */ = {isa = PBXBuildFile; fileRef = 38789D1622D2F41B003E019B /* MediaWorker.mm */; };
		38AD966622D2E7780086A0BC /* AppDelegate.swift in Sources */ = {isa = PBXBuildFile; fileRef = 38AD966522D2E7780086A0BC /* AppDelegate.swift */; };
		38AD966A22D2E7780086A0BC /* ViewController.swift in Sources */ = {isa = PBXBuildFile; fileRef = 38AD966922D2E7780086A0BC /* ViewController.swift */; };
		38AD966D22D2E7780086A0BC /* Main.storyboard in Resources */ = {isa = PBXBuildFile; fileRef = 38AD966B22D2E7780086A0BC /* Main.storyboard */; };
		38AD966F22D2E77C0086A0BC /* Assets.xcassets in Resources */ = {isa = PBXBuildFile; fileRef = 38AD966E22D2E77C0086A0BC /* Assets.xcassets */; };
		38AD967222D2E77C0086A0BC /* LaunchScreen.storyboard in Resources */ = {isa = PBXBuildFile; fileRef = 38AD967022D2E77C0086A0BC /* LaunchScreen.storyboard */; };
		38DDBF5E22D316A200CFB4F5 /* README.md in Resources */ = {isa = PBXBuildFile; fileRef = 38DDBF5D22D316A100CFB4F5 /* README.md */; };
		A7584B7A2486A10B0088FACB /* AgoraRtcKit.framework in Frameworks */ = {isa = PBXBuildFile; fileRef = A79A7EA323B4817800335021 /* AgoraRtcKit.framework */; };
		A7584B7B2486A10B0088FACB /* AgoraRtcKit.framework in Embed Frameworks */ = {isa = PBXBuildFile; fileRef = A79A7EA323B4817800335021 /* AgoraRtcKit.framework */; settings = {ATTRIBUTES = (CodeSignOnCopy, RemoveHeadersOnCopy, ); }; };
		A79A7EA223B4813200335021 /* KeyCenter.swift in Sources */ = {isa = PBXBuildFile; fileRef = A79A7EA123B4813200335021 /* KeyCenter.swift */; };
/* End PBXBuildFile section */

/* Begin PBXCopyFilesBuildPhase section */
		A7584B7C2486A10B0088FACB /* Embed Frameworks */ = {
			isa = PBXCopyFilesBuildPhase;
			buildActionMask = 2147483647;
			dstPath = "";
			dstSubfolderSpec = 10;
			files = (
				A7584B7B2486A10B0088FACB /* AgoraRtcKit.framework in Embed Frameworks */,
			);
			name = "Embed Frameworks";
			runOnlyForDeploymentPostprocessing = 0;
		};
/* End PBXCopyFilesBuildPhase section */

/* Begin PBXFileReference section */
		38789D1222D2EEFA003E019B /* ChannelViewController.swift */ = {isa = PBXFileReference; lastKnownFileType = sourcecode.swift; path = ChannelViewController.swift; sourceTree = "<group>"; };
		38789D1422D2F41A003E019B /* SpeechRecognizer-iOS-Bridging-Header.h */ = {isa = PBXFileReference; lastKnownFileType = sourcecode.c.h; path = "SpeechRecognizer-iOS-Bridging-Header.h"; sourceTree = "<group>"; };
		38789D1522D2F41B003E019B /* MediaWorker.h */ = {isa = PBXFileReference; fileEncoding = 4; lastKnownFileType = sourcecode.c.h; path = MediaWorker.h; sourceTree = "<group>"; };
		38789D1622D2F41B003E019B /* MediaWorker.mm */ = {isa = PBXFileReference; fileEncoding = 4; lastKnownFileType = sourcecode.cpp.objcpp; path = MediaWorker.mm; sourceTree = "<group>"; };
		38AD966222D2E7780086A0BC /* SpeechRecognizer-iOS.app */ = {isa = PBXFileReference; explicitFileType = wrapper.application; includeInIndex = 0; path = "SpeechRecognizer-iOS.app"; sourceTree = BUILT_PRODUCTS_DIR; };
		38AD966522D2E7780086A0BC /* AppDelegate.swift */ = {isa = PBXFileReference; lastKnownFileType = sourcecode.swift; path = AppDelegate.swift; sourceTree = "<group>"; };
		38AD966922D2E7780086A0BC /* ViewController.swift */ = {isa = PBXFileReference; lastKnownFileType = sourcecode.swift; path = ViewController.swift; sourceTree = "<group>"; };
		38AD966C22D2E7780086A0BC /* Base */ = {isa = PBXFileReference; lastKnownFileType = file.storyboard; name = Base; path = Base.lproj/Main.storyboard; sourceTree = "<group>"; };
		38AD966E22D2E77C0086A0BC /* Assets.xcassets */ = {isa = PBXFileReference; lastKnownFileType = folder.assetcatalog; path = Assets.xcassets; sourceTree = "<group>"; };
		38AD967122D2E77C0086A0BC /* Base */ = {isa = PBXFileReference; lastKnownFileType = file.storyboard; name = Base; path = Base.lproj/LaunchScreen.storyboard; sourceTree = "<group>"; };
		38AD967322D2E77C0086A0BC /* Info.plist */ = {isa = PBXFileReference; lastKnownFileType = text.plist.xml; path = Info.plist; sourceTree = "<group>"; };
		38DDBF5D22D316A100CFB4F5 /* README.md */ = {isa = PBXFileReference; fileEncoding = 4; lastKnownFileType = net.daringfireball.markdown; path = README.md; sourceTree = "<group>"; };
		760C8CCCAEC4881C816AC93D /* libPods-SpeechRecognizer-iOS.a */ = {isa = PBXFileReference; explicitFileType = archive.ar; includeInIndex = 0; path = "libPods-SpeechRecognizer-iOS.a"; sourceTree = BUILT_PRODUCTS_DIR; };
		A773BD2E2408DC41003ECBFD /* Accelerate.framework */ = {isa = PBXFileReference; lastKnownFileType = wrapper.framework; name = Accelerate.framework; path = System/Library/Frameworks/Accelerate.framework; sourceTree = SDKROOT; };
		A773BD302408DC4F003ECBFD /* AudioToolbox.framework */ = {isa = PBXFileReference; lastKnownFileType = wrapper.framework; name = AudioToolbox.framework; path = System/Library/Frameworks/AudioToolbox.framework; sourceTree = SDKROOT; };
		A773BD322408DC57003ECBFD /* AVFoundation.framework */ = {isa = PBXFileReference; lastKnownFileType = wrapper.framework; name = AVFoundation.framework; path = System/Library/Frameworks/AVFoundation.framework; sourceTree = SDKROOT; };
		A773BD342408DC60003ECBFD /* CoreMedia.framework */ = {isa = PBXFileReference; lastKnownFileType = wrapper.framework; name = CoreMedia.framework; path = System/Library/Frameworks/CoreMedia.framework; sourceTree = SDKROOT; };
		A773BD362408DC67003ECBFD /* CoreTelephony.framework */ = {isa = PBXFileReference; lastKnownFileType = wrapper.framework; name = CoreTelephony.framework; path = System/Library/Frameworks/CoreTelephony.framework; sourceTree = SDKROOT; };
		A773BD382408DC6F003ECBFD /* libc++.tbd */ = {isa = PBXFileReference; lastKnownFileType = "sourcecode.text-based-dylib-definition"; name = "libc++.tbd"; path = "usr/lib/libc++.tbd"; sourceTree = SDKROOT; };
		A773BD3A2408DC7A003ECBFD /* libresolv.tbd */ = {isa = PBXFileReference; lastKnownFileType = "sourcecode.text-based-dylib-definition"; name = libresolv.tbd; path = usr/lib/libresolv.tbd; sourceTree = SDKROOT; };
		A773BD3C2408DC87003ECBFD /* SystemConfiguration.framework */ = {isa = PBXFileReference; lastKnownFileType = wrapper.framework; name = SystemConfiguration.framework; path = System/Library/Frameworks/SystemConfiguration.framework; sourceTree = SDKROOT; };
		A79A7EA123B4813200335021 /* KeyCenter.swift */ = {isa = PBXFileReference; fileEncoding = 4; lastKnownFileType = sourcecode.swift; name = KeyCenter.swift; path = ../../shared/Swift/KeyCenter.swift; sourceTree = "<group>"; };
		A79A7EA323B4817800335021 /* AgoraRtcKit.framework */ = {isa = PBXFileReference; lastKnownFileType = wrapper.framework; name = AgoraRtcKit.framework; path = ../../libs/iOS/AgoraRtcKit.framework; sourceTree = "<group>"; };
/* End PBXFileReference section */

/* Begin PBXFrameworksBuildPhase section */
		38AD965F22D2E7780086A0BC /* Frameworks */ = {
			isa = PBXFrameworksBuildPhase;
			buildActionMask = 2147483647;
			files = (
				A7584B7A2486A10B0088FACB /* AgoraRtcKit.framework in Frameworks */,
			);
			runOnlyForDeploymentPostprocessing = 0;
		};
/* End PBXFrameworksBuildPhase section */

/* Begin PBXGroup section */
		38AD965922D2E7780086A0BC = {
			isa = PBXGroup;
			children = (
				38DDBF5D22D316A100CFB4F5 /* README.md */,
				38AD966422D2E7780086A0BC /* SpeechRecognizer-iOS */,
				38AD966322D2E7780086A0BC /* Products */,
				FE3767D40B8E8E5EB2C13488 /* Frameworks */,
			);
			sourceTree = "<group>";
		};
		38AD966322D2E7780086A0BC /* Products */ = {
			isa = PBXGroup;
			children = (
				38AD966222D2E7780086A0BC /* SpeechRecognizer-iOS.app */,
			);
			name = Products;
			sourceTree = "<group>";
		};
		38AD966422D2E7780086A0BC /* SpeechRecognizer-iOS */ = {
			isa = PBXGroup;
			children = (
				38AD966922D2E7780086A0BC /* ViewController.swift */,
				38789D1222D2EEFA003E019B /* ChannelViewController.swift */,
				A79A7EA123B4813200335021 /* KeyCenter.swift */,
				38789D1522D2F41B003E019B /* MediaWorker.h */,
				38789D1622D2F41B003E019B /* MediaWorker.mm */,
				38AD966B22D2E7780086A0BC /* Main.storyboard */,
				A79A7EA523B4818100335021 /* Supporting Files */,
				A79A7EA323B4817800335021 /* AgoraRtcKit.framework */,
			);
			path = "SpeechRecognizer-iOS";
			sourceTree = "<group>";
		};
		A79A7EA523B4818100335021 /* Supporting Files */ = {
			isa = PBXGroup;
			children = (
				38AD966E22D2E77C0086A0BC /* Assets.xcassets */,
				38AD967022D2E77C0086A0BC /* LaunchScreen.storyboard */,
				38AD967322D2E77C0086A0BC /* Info.plist */,
				38AD966522D2E7780086A0BC /* AppDelegate.swift */,
				38789D1422D2F41A003E019B /* SpeechRecognizer-iOS-Bridging-Header.h */,
			);
			name = "Supporting Files";
			sourceTree = "<group>";
		};
		FE3767D40B8E8E5EB2C13488 /* Frameworks */ = {
			isa = PBXGroup;
			children = (
				A773BD3C2408DC87003ECBFD /* SystemConfiguration.framework */,
				A773BD3A2408DC7A003ECBFD /* libresolv.tbd */,
				A773BD382408DC6F003ECBFD /* libc++.tbd */,
				A773BD362408DC67003ECBFD /* CoreTelephony.framework */,
				A773BD342408DC60003ECBFD /* CoreMedia.framework */,
				A773BD322408DC57003ECBFD /* AVFoundation.framework */,
				A773BD302408DC4F003ECBFD /* AudioToolbox.framework */,
				A773BD2E2408DC41003ECBFD /* Accelerate.framework */,
				760C8CCCAEC4881C816AC93D /* libPods-SpeechRecognizer-iOS.a */,
			);
			name = Frameworks;
			sourceTree = "<group>";
		};
/* End PBXGroup section */

/* Begin PBXNativeTarget section */
		38AD966122D2E7780086A0BC /* SpeechRecognizer-iOS */ = {
			isa = PBXNativeTarget;
			buildConfigurationList = 38AD967622D2E77C0086A0BC /* Build configuration list for PBXNativeTarget "SpeechRecognizer-iOS" */;
			buildPhases = (
				38AD965E22D2E7780086A0BC /* Sources */,
				38AD965F22D2E7780086A0BC /* Frameworks */,
				38AD966022D2E7780086A0BC /* Resources */,
				A7584B7C2486A10B0088FACB /* Embed Frameworks */,
			);
			buildRules = (
			);
			dependencies = (
			);
			name = "SpeechRecognizer-iOS";
			productName = "SpeechRecognizer-iOS";
			productReference = 38AD966222D2E7780086A0BC /* SpeechRecognizer-iOS.app */;
			productType = "com.apple.product-type.application";
		};
/* End PBXNativeTarget section */

/* Begin PBXProject section */
		38AD965A22D2E7780086A0BC /* Project object */ = {
			isa = PBXProject;
			attributes = {
				LastSwiftUpdateCheck = 1100;
				LastUpgradeCheck = 1100;
				ORGANIZATIONNAME = Agora;
				TargetAttributes = {
					38AD966122D2E7780086A0BC = {
						CreatedOnToolsVersion = 11.0;
						LastSwiftMigration = 1020;
					};
				};
			};
			buildConfigurationList = 38AD965D22D2E7780086A0BC /* Build configuration list for PBXProject "SpeechRecognizer-iOS" */;
			compatibilityVersion = "Xcode 9.3";
			developmentRegion = en;
			hasScannedForEncodings = 0;
			knownRegions = (
				en,
				Base,
			);
			mainGroup = 38AD965922D2E7780086A0BC;
			productRefGroup = 38AD966322D2E7780086A0BC /* Products */;
			projectDirPath = "";
			projectRoot = "";
			targets = (
				38AD966122D2E7780086A0BC /* SpeechRecognizer-iOS */,
			);
		};
/* End PBXProject section */

/* Begin PBXResourcesBuildPhase section */
		38AD966022D2E7780086A0BC /* Resources */ = {
			isa = PBXResourcesBuildPhase;
			buildActionMask = 2147483647;
			files = (
				38AD967222D2E77C0086A0BC /* LaunchScreen.storyboard in Resources */,
				38AD966F22D2E77C0086A0BC /* Assets.xcassets in Resources */,
				38DDBF5E22D316A200CFB4F5 /* README.md in Resources */,
				38AD966D22D2E7780086A0BC /* Main.storyboard in Resources */,
			);
			runOnlyForDeploymentPostprocessing = 0;
		};
/* End PBXResourcesBuildPhase section */

/* Begin PBXSourcesBuildPhase section */
		38AD965E22D2E7780086A0BC /* Sources */ = {
			isa = PBXSourcesBuildPhase;
			buildActionMask = 2147483647;
			files = (
				A79A7EA223B4813200335021 /* KeyCenter.swift in Sources */,
				38789D1722D2F41B003E019B /* MediaWorker.mm in Sources */,
				38789D1322D2EEFA003E019B /* ChannelViewController.swift in Sources */,
				38AD966A22D2E7780086A0BC /* ViewController.swift in Sources */,
				38AD966622D2E7780086A0BC /* AppDelegate.swift in Sources */,
			);
			runOnlyForDeploymentPostprocessing = 0;
		};
/* End PBXSourcesBuildPhase section */

/* Begin PBXVariantGroup section */
		38AD966B22D2E7780086A0BC /* Main.storyboard */ = {
			isa = PBXVariantGroup;
			children = (
				38AD966C22D2E7780086A0BC /* Base */,
			);
			name = Main.storyboard;
			sourceTree = "<group>";
		};
		38AD967022D2E77C0086A0BC /* LaunchScreen.storyboard */ = {
			isa = PBXVariantGroup;
			children = (
				38AD967122D2E77C0086A0BC /* Base */,
			);
			name = LaunchScreen.storyboard;
			sourceTree = "<group>";
		};
/* End PBXVariantGroup section */

/* Begin XCBuildConfiguration section */
		38AD967422D2E77C0086A0BC /* Debug */ = {
			isa = XCBuildConfiguration;
			buildSettings = {
				ALWAYS_SEARCH_USER_PATHS = NO;
				CLANG_ANALYZER_NONNULL = YES;
				CLANG_ANALYZER_NUMBER_OBJECT_CONVERSION = YES_AGGRESSIVE;
				CLANG_CXX_LANGUAGE_STANDARD = "gnu++14";
				CLANG_CXX_LIBRARY = "libc++";
				CLANG_ENABLE_MODULES = YES;
				CLANG_ENABLE_OBJC_ARC = YES;
				CLANG_ENABLE_OBJC_WEAK = YES;
				CLANG_WARN_BLOCK_CAPTURE_AUTORELEASING = YES;
				CLANG_WARN_BOOL_CONVERSION = YES;
				CLANG_WARN_COMMA = YES;
				CLANG_WARN_CONSTANT_CONVERSION = YES;
				CLANG_WARN_DEPRECATED_OBJC_IMPLEMENTATIONS = YES;
				CLANG_WARN_DIRECT_OBJC_ISA_USAGE = YES_ERROR;
				CLANG_WARN_DOCUMENTATION_COMMENTS = YES;
				CLANG_WARN_EMPTY_BODY = YES;
				CLANG_WARN_ENUM_CONVERSION = YES;
				CLANG_WARN_INFINITE_RECURSION = YES;
				CLANG_WARN_INT_CONVERSION = YES;
				CLANG_WARN_NON_LITERAL_NULL_CONVERSION = YES;
				CLANG_WARN_OBJC_IMPLICIT_RETAIN_SELF = YES;
				CLANG_WARN_OBJC_LITERAL_CONVERSION = YES;
				CLANG_WARN_OBJC_ROOT_CLASS = YES_ERROR;
				CLANG_WARN_RANGE_LOOP_ANALYSIS = YES;
				CLANG_WARN_STRICT_PROTOTYPES = YES;
				CLANG_WARN_SUSPICIOUS_MOVE = YES;
				CLANG_WARN_UNGUARDED_AVAILABILITY = YES_AGGRESSIVE;
				CLANG_WARN_UNREACHABLE_CODE = YES;
				CLANG_WARN__DUPLICATE_METHOD_MATCH = YES;
				COPY_PHASE_STRIP = NO;
				DEBUG_INFORMATION_FORMAT = dwarf;
				ENABLE_STRICT_OBJC_MSGSEND = YES;
				ENABLE_TESTABILITY = YES;
				GCC_C_LANGUAGE_STANDARD = gnu11;
				GCC_DYNAMIC_NO_PIC = NO;
				GCC_NO_COMMON_BLOCKS = YES;
				GCC_OPTIMIZATION_LEVEL = 0;
				GCC_PREPROCESSOR_DEFINITIONS = (
					"DEBUG=1",
					"$(inherited)",
				);
				GCC_WARN_64_TO_32_BIT_CONVERSION = YES;
				GCC_WARN_ABOUT_RETURN_TYPE = YES_ERROR;
				GCC_WARN_UNDECLARED_SELECTOR = YES;
				GCC_WARN_UNINITIALIZED_AUTOS = YES_AGGRESSIVE;
				GCC_WARN_UNUSED_FUNCTION = YES;
				GCC_WARN_UNUSED_VARIABLE = YES;
				IPHONEOS_DEPLOYMENT_TARGET = 13.0;
				MTL_ENABLE_DEBUG_INFO = INCLUDE_SOURCE;
				MTL_FAST_MATH = YES;
				ONLY_ACTIVE_ARCH = YES;
				SDKROOT = iphoneos;
				SWIFT_ACTIVE_COMPILATION_CONDITIONS = DEBUG;
				SWIFT_OPTIMIZATION_LEVEL = "-Onone";
			};
			name = Debug;
		};
		38AD967522D2E77C0086A0BC /* Release */ = {
			isa = XCBuildConfiguration;
			buildSettings = {
				ALWAYS_SEARCH_USER_PATHS = NO;
				CLANG_ANALYZER_NONNULL = YES;
				CLANG_ANALYZER_NUMBER_OBJECT_CONVERSION = YES_AGGRESSIVE;
				CLANG_CXX_LANGUAGE_STANDARD = "gnu++14";
				CLANG_CXX_LIBRARY = "libc++";
				CLANG_ENABLE_MODULES = YES;
				CLANG_ENABLE_OBJC_ARC = YES;
				CLANG_ENABLE_OBJC_WEAK = YES;
				CLANG_WARN_BLOCK_CAPTURE_AUTORELEASING = YES;
				CLANG_WARN_BOOL_CONVERSION = YES;
				CLANG_WARN_COMMA = YES;
				CLANG_WARN_CONSTANT_CONVERSION = YES;
				CLANG_WARN_DEPRECATED_OBJC_IMPLEMENTATIONS = YES;
				CLANG_WARN_DIRECT_OBJC_ISA_USAGE = YES_ERROR;
				CLANG_WARN_DOCUMENTATION_COMMENTS = YES;
				CLANG_WARN_EMPTY_BODY = YES;
				CLANG_WARN_ENUM_CONVERSION = YES;
				CLANG_WARN_INFINITE_RECURSION = YES;
				CLANG_WARN_INT_CONVERSION = YES;
				CLANG_WARN_NON_LITERAL_NULL_CONVERSION = YES;
				CLANG_WARN_OBJC_IMPLICIT_RETAIN_SELF = YES;
				CLANG_WARN_OBJC_LITERAL_CONVERSION = YES;
				CLANG_WARN_OBJC_ROOT_CLASS = YES_ERROR;
				CLANG_WARN_RANGE_LOOP_ANALYSIS = YES;
				CLANG_WARN_STRICT_PROTOTYPES = YES;
				CLANG_WARN_SUSPICIOUS_MOVE = YES;
				CLANG_WARN_UNGUARDED_AVAILABILITY = YES_AGGRESSIVE;
				CLANG_WARN_UNREACHABLE_CODE = YES;
				CLANG_WARN__DUPLICATE_METHOD_MATCH = YES;
				COPY_PHASE_STRIP = NO;
				DEBUG_INFORMATION_FORMAT = "dwarf-with-dsym";
				ENABLE_NS_ASSERTIONS = NO;
				ENABLE_STRICT_OBJC_MSGSEND = YES;
				GCC_C_LANGUAGE_STANDARD = gnu11;
				GCC_NO_COMMON_BLOCKS = YES;
				GCC_WARN_64_TO_32_BIT_CONVERSION = YES;
				GCC_WARN_ABOUT_RETURN_TYPE = YES_ERROR;
				GCC_WARN_UNDECLARED_SELECTOR = YES;
				GCC_WARN_UNINITIALIZED_AUTOS = YES_AGGRESSIVE;
				GCC_WARN_UNUSED_FUNCTION = YES;
				GCC_WARN_UNUSED_VARIABLE = YES;
				IPHONEOS_DEPLOYMENT_TARGET = 13.0;
				MTL_ENABLE_DEBUG_INFO = NO;
				MTL_FAST_MATH = YES;
				SDKROOT = iphoneos;
				SWIFT_COMPILATION_MODE = wholemodule;
				SWIFT_OPTIMIZATION_LEVEL = "-O";
				VALIDATE_PRODUCT = YES;
			};
			name = Release;
		};
		38AD967722D2E77C0086A0BC /* Debug */ = {
			isa = XCBuildConfiguration;
			buildSettings = {
				ASSETCATALOG_COMPILER_APPICON_NAME = AppIcon;
				CLANG_ENABLE_MODULES = YES;
				CODE_SIGN_IDENTITY = "Apple Development: Qianze Zhang (3C9KJFP729)";
				CODE_SIGN_STYLE = Manual;
				DEVELOPMENT_TEAM = GM72UGLGZW;
				FRAMEWORK_SEARCH_PATHS = "$(PROJECT_DIR)/../libs/iOS";
				INFOPLIST_FILE = "SpeechRecognizer-iOS/Info.plist";
				IPHONEOS_DEPLOYMENT_TARGET = 10.0;
				LD_RUNPATH_SEARCH_PATHS = (
					"$(inherited)",
					"@executable_path/Frameworks",
				);
				PRODUCT_BUNDLE_IDENTIFIER = "io.agora.SpeechRecognizer-iOS";
				PRODUCT_NAME = "$(TARGET_NAME)";
				PROVISIONING_PROFILE_SPECIFIER = App;
				SWIFT_OBJC_BRIDGING_HEADER = "SpeechRecognizer-iOS/SpeechRecognizer-iOS-Bridging-Header.h";
				SWIFT_OPTIMIZATION_LEVEL = "-Onone";
				SWIFT_VERSION = 5.0;
				TARGETED_DEVICE_FAMILY = "1,2";
			};
			name = Debug;
		};
		38AD967822D2E77C0086A0BC /* Release */ = {
			isa = XCBuildConfiguration;
			buildSettings = {
				ASSETCATALOG_COMPILER_APPICON_NAME = AppIcon;
				CLANG_ENABLE_MODULES = YES;
				CODE_SIGN_IDENTITY = "Apple Development: Qianze Zhang (3C9KJFP729)";
				CODE_SIGN_STYLE = Manual;
				DEVELOPMENT_TEAM = GM72UGLGZW;
				FRAMEWORK_SEARCH_PATHS = "$(PROJECT_DIR)/../libs/iOS";
				INFOPLIST_FILE = "SpeechRecognizer-iOS/Info.plist";
				IPHONEOS_DEPLOYMENT_TARGET = 10.0;
				LD_RUNPATH_SEARCH_PATHS = (
					"$(inherited)",
					"@executable_path/Frameworks",
				);
				PRODUCT_BUNDLE_IDENTIFIER = "io.agora.SpeechRecognizer-iOS";
				PRODUCT_NAME = "$(TARGET_NAME)";
				PROVISIONING_PROFILE_SPECIFIER = App;
				SWIFT_OBJC_BRIDGING_HEADER = "SpeechRecognizer-iOS/SpeechRecognizer-iOS-Bridging-Header.h";
				SWIFT_VERSION = 5.0;
				TARGETED_DEVICE_FAMILY = "1,2";
			};
			name = Release;
		};
/* End XCBuildConfiguration section */

/* Begin XCConfigurationList section */
		38AD965D22D2E7780086A0BC /* Build configuration list for PBXProject "SpeechRecognizer-iOS" */ = {
			isa = XCConfigurationList;
			buildConfigurations = (
				38AD967422D2E77C0086A0BC /* Debug */,
				38AD967522D2E77C0086A0BC /* Release */,
			);
			defaultConfigurationIsVisible = 0;
			defaultConfigurationName = Release;
		};
		38AD967622D2E77C0086A0BC /* Build configuration list for PBXNativeTarget "SpeechRecognizer-iOS" */ = {
			isa = XCConfigurationList;
			buildConfigurations = (
				38AD967722D2E77C0086A0BC /* Debug */,
				38AD967822D2E77C0086A0BC /* Release */,
			);
			defaultConfigurationIsVisible = 0;
			defaultConfigurationName = Release;
		};
/* End XCConfigurationList section */
	};
	rootObject = 38AD965A22D2E7780086A0BC /* Project object */;
}
